// !$*UTF8*$!
{
	archiveVersion = 1;
	classes = {
	};
	objectVersion = 50;
	objects = {

/* Begin PBXBuildFile section */
		F5C131C92322AB4000EDC53B /* AppDelegate.swift in Sources */ = {isa = PBXBuildFile; fileRef = F5C131C82322AB4000EDC53B /* AppDelegate.swift */; };
		F5C131CE2322AB4000EDC53B /* Main.storyboard in Resources */ = {isa = PBXBuildFile; fileRef = F5C131CC2322AB4000EDC53B /* Main.storyboard */; };
		F5C131D12322AB4000EDC53B /* Pokedex.xcdatamodeld in Sources */ = {isa = PBXBuildFile; fileRef = F5C131CF2322AB4000EDC53B /* Pokedex.xcdatamodeld */; };
		F5C131D32322AB4200EDC53B /* Assets.xcassets in Resources */ = {isa = PBXBuildFile; fileRef = F5C131D22322AB4200EDC53B /* Assets.xcassets */; };
		F5C131D62322AB4200EDC53B /* LaunchScreen.storyboard in Resources */ = {isa = PBXBuildFile; fileRef = F5C131D42322AB4200EDC53B /* LaunchScreen.storyboard */; };
		F5C131DF2322AFF200EDC53B /* PokedexTableViewController.swift in Sources */ = {isa = PBXBuildFile; fileRef = F5C131DE2322AFF200EDC53B /* PokedexTableViewController.swift */; };
		F5C131E22322B4DB00EDC53B /* Pokemon.swift in Sources */ = {isa = PBXBuildFile; fileRef = F5C131E12322B4DB00EDC53B /* Pokemon.swift */; };
		F5C131E72322B57B00EDC53B /* PokemonController.swift in Sources */ = {isa = PBXBuildFile; fileRef = F5C131E62322B57B00EDC53B /* PokemonController.swift */; };
		F5C131E92322B58900EDC53B /* PokemonDetailViewController.swift in Sources */ = {isa = PBXBuildFile; fileRef = F5C131E82322B58900EDC53B /* PokemonDetailViewController.swift */; };
/* End PBXBuildFile section */

/* Begin PBXFileReference section */
		F5C131C52322AB4000EDC53B /* Pokedex.app */ = {isa = PBXFileReference; explicitFileType = wrapper.application; includeInIndex = 0; path = Pokedex.app; sourceTree = BUILT_PRODUCTS_DIR; };
		F5C131C82322AB4000EDC53B /* AppDelegate.swift */ = {isa = PBXFileReference; lastKnownFileType = sourcecode.swift; path = AppDelegate.swift; sourceTree = "<group>"; };
		F5C131CD2322AB4000EDC53B /* Base */ = {isa = PBXFileReference; lastKnownFileType = file.storyboard; name = Base; path = Base.lproj/Main.storyboard; sourceTree = "<group>"; };
		F5C131D02322AB4000EDC53B /* Pokedex.xcdatamodel */ = {isa = PBXFileReference; lastKnownFileType = wrapper.xcdatamodel; path = Pokedex.xcdatamodel; sourceTree = "<group>"; };
		F5C131D22322AB4200EDC53B /* Assets.xcassets */ = {isa = PBXFileReference; lastKnownFileType = folder.assetcatalog; path = Assets.xcassets; sourceTree = "<group>"; };
		F5C131D52322AB4200EDC53B /* Base */ = {isa = PBXFileReference; lastKnownFileType = file.storyboard; name = Base; path = Base.lproj/LaunchScreen.storyboard; sourceTree = "<group>"; };
		F5C131D72322AB4200EDC53B /* Info.plist */ = {isa = PBXFileReference; lastKnownFileType = text.plist.xml; path = Info.plist; sourceTree = "<group>"; };
		F5C131DE2322AFF200EDC53B /* PokedexTableViewController.swift */ = {isa = PBXFileReference; lastKnownFileType = sourcecode.swift; path = PokedexTableViewController.swift; sourceTree = "<group>"; };
		F5C131E12322B4DB00EDC53B /* Pokemon.swift */ = {isa = PBXFileReference; lastKnownFileType = sourcecode.swift; path = Pokemon.swift; sourceTree = "<group>"; };
		F5C131E62322B57B00EDC53B /* PokemonController.swift */ = {isa = PBXFileReference; lastKnownFileType = sourcecode.swift; path = PokemonController.swift; sourceTree = "<group>"; };
		F5C131E82322B58900EDC53B /* PokemonDetailViewController.swift */ = {isa = PBXFileReference; lastKnownFileType = sourcecode.swift; path = PokemonDetailViewController.swift; sourceTree = "<group>"; };
/* End PBXFileReference section */

/* Begin PBXFrameworksBuildPhase section */
		F5C131C22322AB4000EDC53B /* Frameworks */ = {
			isa = PBXFrameworksBuildPhase;
			buildActionMask = 2147483647;
			files = (
			);
			runOnlyForDeploymentPostprocessing = 0;
		};
/* End PBXFrameworksBuildPhase section */

/* Begin PBXGroup section */
		F5C131BC2322AB4000EDC53B = {
			isa = PBXGroup;
			children = (
				F5C131C72322AB4000EDC53B /* Pokedex */,
				F5C131C62322AB4000EDC53B /* Products */,
			);
			sourceTree = "<group>";
		};
		F5C131C62322AB4000EDC53B /* Products */ = {
			isa = PBXGroup;
			children = (
				F5C131C52322AB4000EDC53B /* Pokedex.app */,
			);
			name = Products;
			sourceTree = "<group>";
		};
		F5C131C72322AB4000EDC53B /* Pokedex */ = {
			isa = PBXGroup;
			children = (
				F5C131E32322B56100EDC53B /* Model Controller */,
				F5C131E02322B4CC00EDC53B /* Model */,
				F5C131DD2322AFD100EDC53B /* View Controllers */,
				F5C131C82322AB4000EDC53B /* AppDelegate.swift */,
				F5C131CC2322AB4000EDC53B /* Main.storyboard */,
				F5C131D22322AB4200EDC53B /* Assets.xcassets */,
				F5C131D42322AB4200EDC53B /* LaunchScreen.storyboard */,
				F5C131D72322AB4200EDC53B /* Info.plist */,
				F5C131CF2322AB4000EDC53B /* Pokedex.xcdatamodeld */,
			);
			path = Pokedex;
			sourceTree = "<group>";
		};
		F5C131DD2322AFD100EDC53B /* View Controllers */ = {
			isa = PBXGroup;
			children = (
				F5C131DE2322AFF200EDC53B /* PokedexTableViewController.swift */,
				F5C131E82322B58900EDC53B /* PokemonDetailViewController.swift */,
			);
			path = "View Controllers";
			sourceTree = "<group>";
		};
		F5C131E02322B4CC00EDC53B /* Model */ = {
			isa = PBXGroup;
			children = (
				F5C131E12322B4DB00EDC53B /* Pokemon.swift */,
			);
			path = Model;
			sourceTree = "<group>";
		};
		F5C131E32322B56100EDC53B /* Model Controller */ = {
			isa = PBXGroup;
			children = (
				F5C131E62322B57B00EDC53B /* PokemonController.swift */,
			);
			path = "Model Controller";
			sourceTree = "<group>";
		};
/* End PBXGroup section */

/* Begin PBXNativeTarget section */
		F5C131C42322AB4000EDC53B /* Pokedex */ = {
			isa = PBXNativeTarget;
			buildConfigurationList = F5C131DA2322AB4200EDC53B /* Build configuration list for PBXNativeTarget "Pokedex" */;
			buildPhases = (
				F5C131C12322AB4000EDC53B /* Sources */,
				F5C131C22322AB4000EDC53B /* Frameworks */,
				F5C131C32322AB4000EDC53B /* Resources */,
			);
			buildRules = (
			);
			dependencies = (
			);
			name = Pokedex;
			productName = Pokedex;
			productReference = F5C131C52322AB4000EDC53B /* Pokedex.app */;
			productType = "com.apple.product-type.application";
		};
/* End PBXNativeTarget section */

/* Begin PBXProject section */
		F5C131BD2322AB4000EDC53B /* Project object */ = {
			isa = PBXProject;
			attributes = {
				LastSwiftUpdateCheck = 1030;
				LastUpgradeCheck = 1030;
				ORGANIZATIONNAME = "Taylor Lyles";
				TargetAttributes = {
					F5C131C42322AB4000EDC53B = {
						CreatedOnToolsVersion = 10.3;
					};
				};
			};
			buildConfigurationList = F5C131C02322AB4000EDC53B /* Build configuration list for PBXProject "Pokedex" */;
			compatibilityVersion = "Xcode 9.3";
			developmentRegion = en;
			hasScannedForEncodings = 0;
			knownRegions = (
				en,
				Base,
			);
			mainGroup = F5C131BC2322AB4000EDC53B;
			productRefGroup = F5C131C62322AB4000EDC53B /* Products */;
			projectDirPath = "";
			projectRoot = "";
			targets = (
				F5C131C42322AB4000EDC53B /* Pokedex */,
			);
		};
/* End PBXProject section */

/* Begin PBXResourcesBuildPhase section */
		F5C131C32322AB4000EDC53B /* Resources */ = {
			isa = PBXResourcesBuildPhase;
			buildActionMask = 2147483647;
			files = (
				F5C131D62322AB4200EDC53B /* LaunchScreen.storyboard in Resources */,
				F5C131D32322AB4200EDC53B /* Assets.xcassets in Resources */,
				F5C131CE2322AB4000EDC53B /* Main.storyboard in Resources */,
			);
			runOnlyForDeploymentPostprocessing = 0;
		};
/* End PBXResourcesBuildPhase section */

/* Begin PBXSourcesBuildPhase section */
		F5C131C12322AB4000EDC53B /* Sources */ = {
			isa = PBXSourcesBuildPhase;
			buildActionMask = 2147483647;
			files = (
				F5C131DF2322AFF200EDC53B /* PokedexTableViewController.swift in Sources */,
				F5C131E22322B4DB00EDC53B /* Pokemon.swift in Sources */,
				F5C131D12322AB4000EDC53B /* Pokedex.xcdatamodeld in Sources */,
				F5C131C92322AB4000EDC53B /* AppDelegate.swift in Sources */,
				F5C131E72322B57B00EDC53B /* PokemonController.swift in Sources */,
				F5C131E92322B58900EDC53B /* PokemonDetailViewController.swift in Sources */,
			);
			runOnlyForDeploymentPostprocessing = 0;
		};
/* End PBXSourcesBuildPhase section */

/* Begin PBXVariantGroup section */
		F5C131CC2322AB4000EDC53B /* Main.storyboard */ = {
			isa = PBXVariantGroup;
			children = (
				F5C131CD2322AB4000EDC53B /* Base */,
			);
			name = Main.storyboard;
			sourceTree = "<group>";
		};
		F5C131D42322AB4200EDC53B /* LaunchScreen.storyboard */ = {
			isa = PBXVariantGroup;
			children = (
				F5C131D52322AB4200EDC53B /* Base */,
			);
			name = LaunchScreen.storyboard;
			sourceTree = "<group>";
		};
/* End PBXVariantGroup section */

/* Begin XCBuildConfiguration section */
		F5C131D82322AB4200EDC53B /* Debug */ = {
			isa = XCBuildConfiguration;
			buildSettings = {
				ALWAYS_SEARCH_USER_PATHS = NO;
				CLANG_ANALYZER_NONNULL = YES;
				CLANG_ANALYZER_NUMBER_OBJECT_CONVERSION = YES_AGGRESSIVE;
				CLANG_CXX_LANGUAGE_STANDARD = "gnu++14";
				CLANG_CXX_LIBRARY = "libc++";
				CLANG_ENABLE_MODULES = YES;
				CLANG_ENABLE_OBJC_ARC = YES;
				CLANG_ENABLE_OBJC_WEAK = YES;
				CLANG_WARN_BLOCK_CAPTURE_AUTORELEASING = YES;
				CLANG_WARN_BOOL_CONVERSION = YES;
				CLANG_WARN_COMMA = YES;
				CLANG_WARN_CONSTANT_CONVERSION = YES;
				CLANG_WARN_DEPRECATED_OBJC_IMPLEMENTATIONS = YES;
				CLANG_WARN_DIRECT_OBJC_ISA_USAGE = YES_ERROR;
				CLANG_WARN_DOCUMENTATION_COMMENTS = YES;
				CLANG_WARN_EMPTY_BODY = YES;
				CLANG_WARN_ENUM_CONVERSION = YES;
				CLANG_WARN_INFINITE_RECURSION = YES;
				CLANG_WARN_INT_CONVERSION = YES;
				CLANG_WARN_NON_LITERAL_NULL_CONVERSION = YES;
				CLANG_WARN_OBJC_IMPLICIT_RETAIN_SELF = YES;
				CLANG_WARN_OBJC_LITERAL_CONVERSION = YES;
				CLANG_WARN_OBJC_ROOT_CLASS = YES_ERROR;
				CLANG_WARN_RANGE_LOOP_ANALYSIS = YES;
				CLANG_WARN_STRICT_PROTOTYPES = YES;
				CLANG_WARN_SUSPICIOUS_MOVE = YES;
				CLANG_WARN_UNGUARDED_AVAILABILITY = YES_AGGRESSIVE;
				CLANG_WARN_UNREACHABLE_CODE = YES;
				CLANG_WARN__DUPLICATE_METHOD_MATCH = YES;
				CODE_SIGN_IDENTITY = "iPhone Developer";
				COPY_PHASE_STRIP = NO;
				DEBUG_INFORMATION_FORMAT = dwarf;
				ENABLE_STRICT_OBJC_MSGSEND = YES;
				ENABLE_TESTABILITY = YES;
				GCC_C_LANGUAGE_STANDARD = gnu11;
				GCC_DYNAMIC_NO_PIC = NO;
				GCC_NO_COMMON_BLOCKS = YES;
				GCC_OPTIMIZATION_LEVEL = 0;
				GCC_PREPROCESSOR_DEFINITIONS = (
					"DEBUG=1",
					"$(inherited)",
				);
				GCC_WARN_64_TO_32_BIT_CONVERSION = YES;
				GCC_WARN_ABOUT_RETURN_TYPE = YES_ERROR;
				GCC_WARN_UNDECLARED_SELECTOR = YES;
				GCC_WARN_UNINITIALIZED_AUTOS = YES_AGGRESSIVE;
				GCC_WARN_UNUSED_FUNCTION = YES;
				GCC_WARN_UNUSED_VARIABLE = YES;
				IPHONEOS_DEPLOYMENT_TARGET = 12.4;
				MTL_ENABLE_DEBUG_INFO = INCLUDE_SOURCE;
				MTL_FAST_MATH = YES;
				ONLY_ACTIVE_ARCH = YES;
				SDKROOT = iphoneos;
				SWIFT_ACTIVE_COMPILATION_CONDITIONS = DEBUG;
				SWIFT_OPTIMIZATION_LEVEL = "-Onone";
			};
			name = Debug;
		};
		F5C131D92322AB4200EDC53B /* Release */ = {
			isa = XCBuildConfiguration;
			buildSettings = {
				ALWAYS_SEARCH_USER_PATHS = NO;
				CLANG_ANALYZER_NONNULL = YES;
				CLANG_ANALYZER_NUMBER_OBJECT_CONVERSION = YES_AGGRESSIVE;
				CLANG_CXX_LANGUAGE_STANDARD = "gnu++14";
				CLANG_CXX_LIBRARY = "libc++";
				CLANG_ENABLE_MODULES = YES;
				CLANG_ENABLE_OBJC_ARC = YES;
				CLANG_ENABLE_OBJC_WEAK = YES;
				CLANG_WARN_BLOCK_CAPTURE_AUTORELEASING = YES;
				CLANG_WARN_BOOL_CONVERSION = YES;
				CLANG_WARN_COMMA = YES;
				CLANG_WARN_CONSTANT_CONVERSION = YES;
				CLANG_WARN_DEPRECATED_OBJC_IMPLEMENTATIONS = YES;
				CLANG_WARN_DIRECT_OBJC_ISA_USAGE = YES_ERROR;
				CLANG_WARN_DOCUMENTATION_COMMENTS = YES;
				CLANG_WARN_EMPTY_BODY = YES;
				CLANG_WARN_ENUM_CONVERSION = YES;
				CLANG_WARN_INFINITE_RECURSION = YES;
				CLANG_WARN_INT_CONVERSION = YES;
				CLANG_WARN_NON_LITERAL_NULL_CONVERSION = YES;
				CLANG_WARN_OBJC_IMPLICIT_RETAIN_SELF = YES;
				CLANG_WARN_OBJC_LITERAL_CONVERSION = YES;
				CLANG_WARN_OBJC_ROOT_CLASS = YES_ERROR;
				CLANG_WARN_RANGE_LOOP_ANALYSIS = YES;
				CLANG_WARN_STRICT_PROTOTYPES = YES;
				CLANG_WARN_SUSPICIOUS_MOVE = YES;
				CLANG_WARN_UNGUARDED_AVAILABILITY = YES_AGGRESSIVE;
				CLANG_WARN_UNREACHABLE_CODE = YES;
				CLANG_WARN__DUPLICATE_METHOD_MATCH = YES;
				CODE_SIGN_IDENTITY = "iPhone Developer";
				COPY_PHASE_STRIP = NO;
				DEBUG_INFORMATION_FORMAT = "dwarf-with-dsym";
				ENABLE_NS_ASSERTIONS = NO;
				ENABLE_STRICT_OBJC_MSGSEND = YES;
				GCC_C_LANGUAGE_STANDARD = gnu11;
				GCC_NO_COMMON_BLOCKS = YES;
				GCC_WARN_64_TO_32_BIT_CONVERSION = YES;
				GCC_WARN_ABOUT_RETURN_TYPE = YES_ERROR;
				GCC_WARN_UNDECLARED_SELECTOR = YES;
				GCC_WARN_UNINITIALIZED_AUTOS = YES_AGGRESSIVE;
				GCC_WARN_UNUSED_FUNCTION = YES;
				GCC_WARN_UNUSED_VARIABLE = YES;
				IPHONEOS_DEPLOYMENT_TARGET = 12.4;
				MTL_ENABLE_DEBUG_INFO = NO;
				MTL_FAST_MATH = YES;
				SDKROOT = iphoneos;
				SWIFT_COMPILATION_MODE = wholemodule;
				SWIFT_OPTIMIZATION_LEVEL = "-O";
				VALIDATE_PRODUCT = YES;
			};
			name = Release;
		};
		F5C131DB2322AB4200EDC53B /* Debug */ = {
			isa = XCBuildConfiguration;
			buildSettings = {
				ASSETCATALOG_COMPILER_APPICON_NAME = AppIcon;
				CODE_SIGN_STYLE = Automatic;
				DEVELOPMENT_TEAM = FP8VA6LL76;
				INFOPLIST_FILE = Pokedex/Info.plist;
				LD_RUNPATH_SEARCH_PATHS = (
					"$(inherited)",
					"@executable_path/Frameworks",
				);
				PRODUCT_BUNDLE_IDENTIFIER = com.taylorlyles.Pokedex;
				PRODUCT_NAME = "$(TARGET_NAME)";
				SWIFT_VERSION = 5.0;
				TARGETED_DEVICE_FAMILY = "1,2";
			};
			name = Debug;
		};
		F5C131DC2322AB4200EDC53B /* Release */ = {
			isa = XCBuildConfiguration;
			buildSettings = {
				ASSETCATALOG_COMPILER_APPICON_NAME = AppIcon;
				CODE_SIGN_STYLE = Automatic;
				DEVELOPMENT_TEAM = FP8VA6LL76;
				INFOPLIST_FILE = Pokedex/Info.plist;
				LD_RUNPATH_SEARCH_PATHS = (
					"$(inherited)",
					"@executable_path/Frameworks",
				);
				PRODUCT_BUNDLE_IDENTIFIER = com.taylorlyles.Pokedex;
				PRODUCT_NAME = "$(TARGET_NAME)";
				SWIFT_VERSION = 5.0;
				TARGETED_DEVICE_FAMILY = "1,2";
			};
			name = Release;
		};
/* End XCBuildConfiguration section */

/* Begin XCConfigurationList section */
		F5C131C02322AB4000EDC53B /* Build configuration list for PBXProject "Pokedex" */ = {
			isa = XCConfigurationList;
			buildConfigurations = (
				F5C131D82322AB4200EDC53B /* Debug */,
				F5C131D92322AB4200EDC53B /* Release */,
			);
			defaultConfigurationIsVisible = 0;
			defaultConfigurationName = Release;
		};
		F5C131DA2322AB4200EDC53B /* Build configuration list for PBXNativeTarget "Pokedex" */ = {
			isa = XCConfigurationList;
			buildConfigurations = (
				F5C131DB2322AB4200EDC53B /* Debug */,
				F5C131DC2322AB4200EDC53B /* Release */,
			);
			defaultConfigurationIsVisible = 0;
			defaultConfigurationName = Release;
		};
/* End XCConfigurationList section */

/* Begin XCVersionGroup section */
		F5C131CF2322AB4000EDC53B /* Pokedex.xcdatamodeld */ = {
			isa = XCVersionGroup;
			children = (
				F5C131D02322AB4000EDC53B /* Pokedex.xcdatamodel */,
			);
			currentVersion = F5C131D02322AB4000EDC53B /* Pokedex.xcdatamodel */;
			path = Pokedex.xcdatamodeld;
			sourceTree = "<group>";
			versionGroupType = wrapper.xcdatamodel;
		};
/* End XCVersionGroup section */
	};
	rootObject = F5C131BD2322AB4000EDC53B /* Project object */;
}
